
Microsoft Visual Studio Solution File, Format Version 12.00
# Visual Studio Version 16
VisualStudioVersion = 16.0.31205.134
MinimumVisualStudioVersion = 10.0.40219.1
Project("{FAE04EC0-301F-11D3-BF4B-00C04F79EFBC}") = "CH7 DataType Convert", "CH7 DataType Convert\CH7 DataType Convert.csproj", "{8493693D-404C-499F-A1BA-FEC959E3BD06}"
EndProject
Global
	GlobalSection(SolutionConfigurationPlatforms) = preSolution
		Debug|Any CPU = Debug|Any CPU
		Release|Any CPU = Release|Any CPU
	EndGlobalSection
	GlobalSection(ProjectConfigurationPlatforms) = postSolution
		{8493693D-404C-499F-A1BA-FEC959E3BD06}.Debug|Any CPU.ActiveCfg = Debug|Any CPU
		{8493693D-404C-499F-A1BA-FEC959E3BD06}.Debug|Any CPU.Build.0 = Debug|Any CPU
		{8493693D-404C-499F-A1BA-FEC959E3BD06}.Release|Any CPU.ActiveCfg = Release|Any CPU
		{8493693D-404C-499F-A1BA-FEC959E3BD06}.Release|Any CPU.Build.0 = Release|Any CPU
	EndGlobalSection
	GlobalSection(SolutionProperties) = preSolution
		HideSolutionNode = FALSE
	EndGlobalSection
	GlobalSection(ExtensibilityGlobals) = postSolution
		SolutionGuid = {9F27EE02-C2E4-412F-B467-E2F5F7CB3222}
	EndGlobalSection
EndGlobal
