
Microsoft Visual Studio Solution File, Format Version 12.00
# Visual Studio Version 16
VisualStudioVersion = 16.0.31205.134
MinimumVisualStudioVersion = 10.0.40219.1
Project("{FAE04EC0-301F-11D3-BF4B-00C04F79EFBC}") = "CH54 ReflecrionDemo", "CH54 ReflecrionDemo\CH54 ReflecrionDemo.csproj", "{04ED9565-A254-4918-B478-D5FE69FADF1B}"
EndProject
Global
	GlobalSection(SolutionConfigurationPlatforms) = preSolution
		Debug|Any CPU = Debug|Any CPU
		Release|Any CPU = Release|Any CPU
	EndGlobalSection
	GlobalSection(ProjectConfigurationPlatforms) = postSolution
		{04ED9565-A254-4918-B478-D5FE69FADF1B}.Debug|Any CPU.ActiveCfg = Debug|Any CPU
		{04ED9565-A254-4918-B478-D5FE69FADF1B}.Debug|Any CPU.Build.0 = Debug|Any CPU
		{04ED9565-A254-4918-B478-D5FE69FADF1B}.Release|Any CPU.ActiveCfg = Release|Any CPU
		{04ED9565-A254-4918-B478-D5FE69FADF1B}.Release|Any CPU.Build.0 = Release|Any CPU
	EndGlobalSection
	GlobalSection(SolutionProperties) = preSolution
		HideSolutionNode = FALSE
	EndGlobalSection
	GlobalSection(ExtensibilityGlobals) = postSolution
		SolutionGuid = {5972E094-FCC7-409A-B735-B79498E6987C}
	EndGlobalSection
EndGlobal
