
Microsoft Visual Studio Solution File, Format Version 12.00
# Visual Studio Version 16
VisualStudioVersion = 16.0.31205.134
MinimumVisualStudioVersion = 10.0.40219.1
Project("{FAE04EC0-301F-11D3-BF4B-00C04F79EFBC}") = "CH77 Sort a list of simple types", "CH77 Sort a list of simple types\CH77 Sort a list of simple types.csproj", "{02BD1043-A81A-4952-8C5A-5B54B4384120}"
EndProject
Global
	GlobalSection(SolutionConfigurationPlatforms) = preSolution
		Debug|Any CPU = Debug|Any CPU
		Release|Any CPU = Release|Any CPU
	EndGlobalSection
	GlobalSection(ProjectConfigurationPlatforms) = postSolution
		{02BD1043-A81A-4952-8C5A-5B54B4384120}.Debug|Any CPU.ActiveCfg = Debug|Any CPU
		{02BD1043-A81A-4952-8C5A-5B54B4384120}.Debug|Any CPU.Build.0 = Debug|Any CPU
		{02BD1043-A81A-4952-8C5A-5B54B4384120}.Release|Any CPU.ActiveCfg = Release|Any CPU
		{02BD1043-A81A-4952-8C5A-5B54B4384120}.Release|Any CPU.Build.0 = Release|Any CPU
	EndGlobalSection
	GlobalSection(SolutionProperties) = preSolution
		HideSolutionNode = FALSE
	EndGlobalSection
	GlobalSection(ExtensibilityGlobals) = postSolution
		SolutionGuid = {2697CBDC-686C-4648-8119-2F92B0C3A426}
	EndGlobalSection
EndGlobal
