
Microsoft Visual Studio Solution File, Format Version 12.00
# Visual Studio Version 16
VisualStudioVersion = 16.0.31205.134
MinimumVisualStudioVersion = 10.0.40219.1
Project("{FAE04EC0-301F-11D3-BF4B-00C04F79EFBC}") = "CH9 Comment in C", "CH9 Comment in C\CH9 Comment in C.csproj", "{E8A1300C-07A8-4811-B1F7-03034AEBA8CE}"
EndProject
Global
	GlobalSection(SolutionConfigurationPlatforms) = preSolution
		Debug|Any CPU = Debug|Any CPU
		Release|Any CPU = Release|Any CPU
	EndGlobalSection
	GlobalSection(ProjectConfigurationPlatforms) = postSolution
		{E8A1300C-07A8-4811-B1F7-03034AEBA8CE}.Debug|Any CPU.ActiveCfg = Debug|Any CPU
		{E8A1300C-07A8-4811-B1F7-03034AEBA8CE}.Debug|Any CPU.Build.0 = Debug|Any CPU
		{E8A1300C-07A8-4811-B1F7-03034AEBA8CE}.Release|Any CPU.ActiveCfg = Release|Any CPU
		{E8A1300C-07A8-4811-B1F7-03034AEBA8CE}.Release|Any CPU.Build.0 = Release|Any CPU
	EndGlobalSection
	GlobalSection(SolutionProperties) = preSolution
		HideSolutionNode = FALSE
	EndGlobalSection
	GlobalSection(ExtensibilityGlobals) = postSolution
		SolutionGuid = {15D85B08-8F0C-4FA5-936B-4BA15E98542F}
	EndGlobalSection
EndGlobal
