
Microsoft Visual Studio Solution File, Format Version 12.00
# Visual Studio Version 16
VisualStudioVersion = 16.0.31205.134
MinimumVisualStudioVersion = 10.0.40219.1
Project("{FAE04EC0-301F-11D3-BF4B-00C04F79EFBC}") = "CH32 Abstract Class in C", "CH32 Abstract Class in C\CH32 Abstract Class in C.csproj", "{29B05926-995D-4F98-B0B1-0BDAAB46AA25}"
EndProject
Global
	GlobalSection(SolutionConfigurationPlatforms) = preSolution
		Debug|Any CPU = Debug|Any CPU
		Release|Any CPU = Release|Any CPU
	EndGlobalSection
	GlobalSection(ProjectConfigurationPlatforms) = postSolution
		{29B05926-995D-4F98-B0B1-0BDAAB46AA25}.Debug|Any CPU.ActiveCfg = Debug|Any CPU
		{29B05926-995D-4F98-B0B1-0BDAAB46AA25}.Debug|Any CPU.Build.0 = Debug|Any CPU
		{29B05926-995D-4F98-B0B1-0BDAAB46AA25}.Release|Any CPU.ActiveCfg = Release|Any CPU
		{29B05926-995D-4F98-B0B1-0BDAAB46AA25}.Release|Any CPU.Build.0 = Release|Any CPU
	EndGlobalSection
	GlobalSection(SolutionProperties) = preSolution
		HideSolutionNode = FALSE
	EndGlobalSection
	GlobalSection(ExtensibilityGlobals) = postSolution
		SolutionGuid = {5281AEC3-1B8D-4183-90D7-6AEC6B0DF561}
	EndGlobalSection
EndGlobal
