
Microsoft Visual Studio Solution File, Format Version 12.00
# Visual Studio Version 16
VisualStudioVersion = 16.0.31205.134
MinimumVisualStudioVersion = 10.0.40219.1
Project("{FAE04EC0-301F-11D3-BF4B-00C04F79EFBC}") = "CH48 Different between Types and  Type member", "CH48 Different between Types and  Type member\CH48 Different between Types and  Type member.csproj", "{0EC3DDEE-834E-43B3-B453-7605E8EA9C2D}"
EndProject
Global
	GlobalSection(SolutionConfigurationPlatforms) = preSolution
		Debug|Any CPU = Debug|Any CPU
		Release|Any CPU = Release|Any CPU
	EndGlobalSection
	GlobalSection(ProjectConfigurationPlatforms) = postSolution
		{0EC3DDEE-834E-43B3-B453-7605E8EA9C2D}.Debug|Any CPU.ActiveCfg = Debug|Any CPU
		{0EC3DDEE-834E-43B3-B453-7605E8EA9C2D}.Debug|Any CPU.Build.0 = Debug|Any CPU
		{0EC3DDEE-834E-43B3-B453-7605E8EA9C2D}.Release|Any CPU.ActiveCfg = Release|Any CPU
		{0EC3DDEE-834E-43B3-B453-7605E8EA9C2D}.Release|Any CPU.Build.0 = Release|Any CPU
	EndGlobalSection
	GlobalSection(SolutionProperties) = preSolution
		HideSolutionNode = FALSE
	EndGlobalSection
	GlobalSection(ExtensibilityGlobals) = postSolution
		SolutionGuid = {7015EE22-49EE-45F3-8B35-F73127A2A4AA}
	EndGlobalSection
EndGlobal
