
Microsoft Visual Studio Solution File, Format Version 12.00
# Visual Studio Version 16
VisualStudioVersion = 16.0.31205.134
MinimumVisualStudioVersion = 10.0.40219.1
Project("{FAE04EC0-301F-11D3-BF4B-00C04F79EFBC}") = "CH21 Inheritance in C", "CH21 Inheritance in C\CH21 Inheritance in C.csproj", "{E2819BB1-F1BD-4EED-A2AE-F642B37913DE}"
EndProject
Global
	GlobalSection(SolutionConfigurationPlatforms) = preSolution
		Debug|Any CPU = Debug|Any CPU
		Release|Any CPU = Release|Any CPU
	EndGlobalSection
	GlobalSection(ProjectConfigurationPlatforms) = postSolution
		{E2819BB1-F1BD-4EED-A2AE-F642B37913DE}.Debug|Any CPU.ActiveCfg = Debug|Any CPU
		{E2819BB1-F1BD-4EED-A2AE-F642B37913DE}.Debug|Any CPU.Build.0 = Debug|Any CPU
		{E2819BB1-F1BD-4EED-A2AE-F642B37913DE}.Release|Any CPU.ActiveCfg = Release|Any CPU
		{E2819BB1-F1BD-4EED-A2AE-F642B37913DE}.Release|Any CPU.Build.0 = Release|Any CPU
	EndGlobalSection
	GlobalSection(SolutionProperties) = preSolution
		HideSolutionNode = FALSE
	EndGlobalSection
	GlobalSection(ExtensibilityGlobals) = postSolution
		SolutionGuid = {340B49DB-3970-4545-A537-91A5DDCF0A92}
	EndGlobalSection
EndGlobal
