
Microsoft Visual Studio Solution File, Format Version 12.00
# Visual Studio Version 16
VisualStudioVersion = 16.0.31205.134
MinimumVisualStudioVersion = 10.0.40219.1
Project("{FAE04EC0-301F-11D3-BF4B-00C04F79EFBC}") = "CH16 Method in C", "CH16 Method in C\CH16 Method in C.csproj", "{093BE68B-F215-42A1-A6E7-4019D5F6B6A7}"
EndProject
Global
	GlobalSection(SolutionConfigurationPlatforms) = preSolution
		Debug|Any CPU = Debug|Any CPU
		Release|Any CPU = Release|Any CPU
	EndGlobalSection
	GlobalSection(ProjectConfigurationPlatforms) = postSolution
		{093BE68B-F215-42A1-A6E7-4019D5F6B6A7}.Debug|Any CPU.ActiveCfg = Debug|Any CPU
		{093BE68B-F215-42A1-A6E7-4019D5F6B6A7}.Debug|Any CPU.Build.0 = Debug|Any CPU
		{093BE68B-F215-42A1-A6E7-4019D5F6B6A7}.Release|Any CPU.ActiveCfg = Release|Any CPU
		{093BE68B-F215-42A1-A6E7-4019D5F6B6A7}.Release|Any CPU.Build.0 = Release|Any CPU
	EndGlobalSection
	GlobalSection(SolutionProperties) = preSolution
		HideSolutionNode = FALSE
	EndGlobalSection
	GlobalSection(ExtensibilityGlobals) = postSolution
		SolutionGuid = {12DABD5F-F51E-478B-B6E4-EB5C7256EFA3}
	EndGlobalSection
EndGlobal
