
Microsoft Visual Studio Solution File, Format Version 12.00
# Visual Studio Version 16
VisualStudioVersion = 16.0.31205.134
MinimumVisualStudioVersion = 10.0.40219.1
Project("{FAE04EC0-301F-11D3-BF4B-00C04F79EFBC}") = "CH76 Working with Generic list class and range", "CH76 Working with Generic list class and range\CH76 Working with Generic list class and range.csproj", "{44E4E9A9-EFDC-4E2C-B9E6-334A70E39C19}"
EndProject
Global
	GlobalSection(SolutionConfigurationPlatforms) = preSolution
		Debug|Any CPU = Debug|Any CPU
		Release|Any CPU = Release|Any CPU
	EndGlobalSection
	GlobalSection(ProjectConfigurationPlatforms) = postSolution
		{44E4E9A9-EFDC-4E2C-B9E6-334A70E39C19}.Debug|Any CPU.ActiveCfg = Debug|Any CPU
		{44E4E9A9-EFDC-4E2C-B9E6-334A70E39C19}.Debug|Any CPU.Build.0 = Debug|Any CPU
		{44E4E9A9-EFDC-4E2C-B9E6-334A70E39C19}.Release|Any CPU.ActiveCfg = Release|Any CPU
		{44E4E9A9-EFDC-4E2C-B9E6-334A70E39C19}.Release|Any CPU.Build.0 = Release|Any CPU
	EndGlobalSection
	GlobalSection(SolutionProperties) = preSolution
		HideSolutionNode = FALSE
	EndGlobalSection
	GlobalSection(ExtensibilityGlobals) = postSolution
		SolutionGuid = {E88532F9-EE2B-4DEB-9344-D63DA25ADD48}
	EndGlobalSection
EndGlobal
