
Microsoft Visual Studio Solution File, Format Version 12.00
# Visual Studio Version 16
VisualStudioVersion = 16.0.31205.134
MinimumVisualStudioVersion = 10.0.40219.1
Project("{FAE04EC0-301F-11D3-BF4B-00C04F79EFBC}") = "CH11 Switch Statment", "CH11 Switch Statment\CH11 Switch Statment.csproj", "{E7ABD3D1-E3B6-4892-8878-64AA6D207789}"
EndProject
Global
	GlobalSection(SolutionConfigurationPlatforms) = preSolution
		Debug|Any CPU = Debug|Any CPU
		Release|Any CPU = Release|Any CPU
	EndGlobalSection
	GlobalSection(ProjectConfigurationPlatforms) = postSolution
		{E7ABD3D1-E3B6-4892-8878-64AA6D207789}.Debug|Any CPU.ActiveCfg = Debug|Any CPU
		{E7ABD3D1-E3B6-4892-8878-64AA6D207789}.Debug|Any CPU.Build.0 = Debug|Any CPU
		{E7ABD3D1-E3B6-4892-8878-64AA6D207789}.Release|Any CPU.ActiveCfg = Release|Any CPU
		{E7ABD3D1-E3B6-4892-8878-64AA6D207789}.Release|Any CPU.Build.0 = Release|Any CPU
	EndGlobalSection
	GlobalSection(SolutionProperties) = preSolution
		HideSolutionNode = FALSE
	EndGlobalSection
	GlobalSection(ExtensibilityGlobals) = postSolution
		SolutionGuid = {0E57F181-0716-49AC-B2AF-FCFC580ADCEE}
	EndGlobalSection
EndGlobal
