
Microsoft Visual Studio Solution File, Format Version 12.00
# Visual Studio Version 16
VisualStudioVersion = 16.0.31205.134
MinimumVisualStudioVersion = 10.0.40219.1
Project("{FAE04EC0-301F-11D3-BF4B-00C04F79EFBC}") = "CH31 Eplict Interface Imple in C", "CH31 Eplict Interface Imple in C\CH31 Eplict Interface Imple in C.csproj", "{650FA007-D788-405D-97CF-A6D97CEE95F5}"
EndProject
Global
	GlobalSection(SolutionConfigurationPlatforms) = preSolution
		Debug|Any CPU = Debug|Any CPU
		Release|Any CPU = Release|Any CPU
	EndGlobalSection
	GlobalSection(ProjectConfigurationPlatforms) = postSolution
		{650FA007-D788-405D-97CF-A6D97CEE95F5}.Debug|Any CPU.ActiveCfg = Debug|Any CPU
		{650FA007-D788-405D-97CF-A6D97CEE95F5}.Debug|Any CPU.Build.0 = Debug|Any CPU
		{650FA007-D788-405D-97CF-A6D97CEE95F5}.Release|Any CPU.ActiveCfg = Release|Any CPU
		{650FA007-D788-405D-97CF-A6D97CEE95F5}.Release|Any CPU.Build.0 = Release|Any CPU
	EndGlobalSection
	GlobalSection(SolutionProperties) = preSolution
		HideSolutionNode = FALSE
	EndGlobalSection
	GlobalSection(ExtensibilityGlobals) = postSolution
		SolutionGuid = {69841193-41FB-406B-B480-6C115D33D418}
	EndGlobalSection
EndGlobal
